
Microsoft Visual Studio Solution File, Format Version 12.00
# Visual Studio Version 16
VisualStudioVersion = 16.0.31129.286
MinimumVisualStudioVersion = 10.0.40219.1
Project("{FAE04EC0-301F-11D3-BF4B-00C04F79EFBC}") = "Delitelnost", "TestDrivenDevelopment\Delitelnost.csproj", "{960F6D52-8A1D-4D52-ACF1-724308A3F819}"
EndProject
Project("{FAE04EC0-301F-11D3-BF4B-00C04F79EFBC}") = "UnitTestProject1", "UnitTestProject1\UnitTestProject1.csproj", "{64E89896-BAE2-4EF5-BCEA-8AFA04539B7E}"
EndProject
Global
	GlobalSection(SolutionConfigurationPlatforms) = preSolution
		Debug|Any CPU = Debug|Any CPU
		Release|Any CPU = Release|Any CPU
	EndGlobalSection
	GlobalSection(ProjectConfigurationPlatforms) = postSolution
		{960F6D52-8A1D-4D52-ACF1-724308A3F819}.Debug|Any CPU.ActiveCfg = Debug|Any CPU
		{960F6D52-8A1D-4D52-ACF1-724308A3F819}.Debug|Any CPU.Build.0 = Debug|Any CPU
		{960F6D52-8A1D-4D52-ACF1-724308A3F819}.Release|Any CPU.ActiveCfg = Release|Any CPU
		{960F6D52-8A1D-4D52-ACF1-724308A3F819}.Release|Any CPU.Build.0 = Release|Any CPU
		{64E89896-BAE2-4EF5-BCEA-8AFA04539B7E}.Debug|Any CPU.ActiveCfg = Debug|Any CPU
		{64E89896-BAE2-4EF5-BCEA-8AFA04539B7E}.Debug|Any CPU.Build.0 = Debug|Any CPU
		{64E89896-BAE2-4EF5-BCEA-8AFA04539B7E}.Release|Any CPU.ActiveCfg = Release|Any CPU
		{64E89896-BAE2-4EF5-BCEA-8AFA04539B7E}.Release|Any CPU.Build.0 = Release|Any CPU
	EndGlobalSection
	GlobalSection(SolutionProperties) = preSolution
		HideSolutionNode = FALSE
	EndGlobalSection
	GlobalSection(ExtensibilityGlobals) = postSolution
		SolutionGuid = {E5369DBA-295D-4D58-8957-7F9A8083A658}
	EndGlobalSection
EndGlobal
